# THIS IS AN AUTOGENERATED FILE. DO NOT EDIT THIS FILE DIRECTLY.
# yarn lockfile v1


"@esbuild/win32-x64@0.18.20":
  "integrity" "sha512-kTdfRcSiDfQca/y9QIkng02avJ+NCaQvrMejlsB3RRv5sE9rRoeBPISaZpKxHELzRxZyLvNts1P27W3wV+8geQ=="
  "resolved" "https://mirrors.cloud.tencent.com/npm/@esbuild/win32-x64/-/win32-x64-0.18.20.tgz"
  "version" "0.18.20"

"@quickearth/cesium@^3.1.1":
  "integrity" "sha512-8hIub65UwI5UcHTlYCKcsKniLaGJylHZveztv+O3jVmx9tMfgZsOYtrGZJkd7Pui6uSTnY1NHJYHxfouem4Icg=="
  "resolved" "https://registry.npmjs.org/@quickearth/cesium/-/cesium-3.1.1.tgz"
  "version" "3.1.1"

"@quickearth/core@^3.1.1":
  "integrity" "sha512-/wTPrJ3jsqWIWiyeEJSLFAy7/iM9Uv1zAk+cJEKC2YwVAJk9vj33vlQhSa73kSafrgAlLJ92MxPbpQ+ah0q7jw=="
  "resolved" "https://registry.npmjs.org/@quickearth/core/-/core-3.1.1.tgz"
  "version" "3.1.1"

"@quickearth/leaflet@^3.1.1":
  "integrity" "sha512-2HZOA5cO/vBhPcXJGu6i5pI9Zqf30EWYIj46alZs1dEf851ulNQuo+usBdobR2ZoxilnwiL9flDd/m6PlIVYlQ=="
  "resolved" "https://registry.npmjs.org/@quickearth/leaflet/-/leaflet-3.1.1.tgz"
  "version" "3.1.1"

"@types/geojson@*":
  "integrity" "sha512-Nmh0K3iWQJzniTuPRcJn5hxXkfB1T1pgB89SBig5PlJQU5yocazeu4jATJlaA0GYFKWMqDdvYemoSnF2pXgLVA=="
  "resolved" "https://mirrors.cloud.tencent.com/npm/@types/geojson/-/geojson-7946.0.10.tgz"
  "version" "7946.0.10"

"@types/leaflet@^1.9.3":
  "integrity" "sha512-Caa1lYOgKVqDkDZVWkto2Z5JtVo09spEaUt2S69LiugbBpoqQu92HYFMGUbYezZbnBkyOxMNPXHSgRrRY5UyIA=="
  "resolved" "https://mirrors.cloud.tencent.com/npm/@types/leaflet/-/leaflet-1.9.3.tgz"
  "version" "1.9.3"
  dependencies:
    "@types/geojson" "*"

"acorn@^8.4.0":
  "integrity" "sha512-F0SAmZ8iUtS//m8DmCTA0jlh6TDKkHQyK6xc6V4KDTyZKA9dnvX9/3sRTVQrWm79glUAZbnmmNcdYwUIHWVybw=="
  "resolved" "https://mirrors.cloud.tencent.com/npm/acorn/-/acorn-8.10.0.tgz"
  "version" "8.10.0"

"es-module-lexer@^0.4.1":
  "integrity" "sha512-ooYciCUtfw6/d2w56UVeqHPcoCFAiJdz5XOkYpv/Txl1HMUozpXjz/2RIQgqwKdXNDPSF1W7mJCFse3G+HDyAA=="
  "resolved" "https://mirrors.cloud.tencent.com/npm/es-module-lexer/-/es-module-lexer-0.4.1.tgz"
  "version" "0.4.1"

"esbuild@^0.18.10":
  "integrity" "sha512-ceqxoedUrcayh7Y7ZX6NdbbDzGROiyVBgC4PriJThBKSVPWnnFHZAkfI1lJT8QFkOwH4qOS2SJkS4wvpGl8BpA=="
  "resolved" "https://mirrors.cloud.tencent.com/npm/esbuild/-/esbuild-0.18.20.tgz"
  "version" "0.18.20"
  optionalDependencies:
    "@esbuild/android-arm" "0.18.20"
    "@esbuild/android-arm64" "0.18.20"
    "@esbuild/android-x64" "0.18.20"
    "@esbuild/darwin-arm64" "0.18.20"
    "@esbuild/darwin-x64" "0.18.20"
    "@esbuild/freebsd-arm64" "0.18.20"
    "@esbuild/freebsd-x64" "0.18.20"
    "@esbuild/linux-arm" "0.18.20"
    "@esbuild/linux-arm64" "0.18.20"
    "@esbuild/linux-ia32" "0.18.20"
    "@esbuild/linux-loong64" "0.18.20"
    "@esbuild/linux-mips64el" "0.18.20"
    "@esbuild/linux-ppc64" "0.18.20"
    "@esbuild/linux-riscv64" "0.18.20"
    "@esbuild/linux-s390x" "0.18.20"
    "@esbuild/linux-x64" "0.18.20"
    "@esbuild/netbsd-x64" "0.18.20"
    "@esbuild/openbsd-x64" "0.18.20"
    "@esbuild/sunos-x64" "0.18.20"
    "@esbuild/win32-arm64" "0.18.20"
    "@esbuild/win32-ia32" "0.18.20"
    "@esbuild/win32-x64" "0.18.20"

"fs-extra@^10.0.0":
  "integrity" "sha512-oRXApq54ETRj4eMiFzGnHWGy+zo5raudjuxN0b8H7s/RU2oW0Wvsx9O0ACRN/kRq9E8Vu/ReskGB5o3ji+FzHQ=="
  "resolved" "https://mirrors.cloud.tencent.com/npm/fs-extra/-/fs-extra-10.1.0.tgz"
  "version" "10.1.0"
  dependencies:
    "graceful-fs" "^4.2.0"
    "jsonfile" "^6.0.1"
    "universalify" "^2.0.0"

"graceful-fs@^4.1.6", "graceful-fs@^4.2.0":
  "integrity" "sha512-RbJ5/jmFcNNCcDV5o9eTnBLJ/HszWV0P73bc+Ff4nS/rJj+YaS6IGyiOL0VoBYX+l1Wrl3k63h/KrH+nhJ0XvQ=="
  "resolved" "https://mirrors.cloud.tencent.com/npm/graceful-fs/-/graceful-fs-4.2.11.tgz"
  "version" "4.2.11"

"jsonfile@^6.0.1":
  "integrity" "sha512-5dgndWOriYSm5cnYaJNhalLNDKOqFwyDB/rr1E9ZsGciGvKPs8R2xYGCacuf3z6K1YKDz182fd+fY3cn3pMqXQ=="
  "resolved" "https://mirrors.cloud.tencent.com/npm/jsonfile/-/jsonfile-6.1.0.tgz"
  "version" "6.1.0"
  dependencies:
    "universalify" "^2.0.0"
  optionalDependencies:
    "graceful-fs" "^4.1.6"

"leaflet@^1.9.4":
  "integrity" "sha512-nxS1ynzJOmOlHp+iL3FyWqK89GtNL8U8rvlMOsQdTTssxZwCXh8N2NB3GDQOL+YR3XnWyZAxwQixURb+FA74PA=="
  "resolved" "https://mirrors.cloud.tencent.com/npm/leaflet/-/leaflet-1.9.4.tgz"
  "version" "1.9.4"

"magic-string@^0.25.7":
  "integrity" "sha512-RmF0AsMzgt25qzqqLc1+MbHmhdx0ojF2Fvs4XnOqz2ZOBXzzkEwc/dJQZCYHAn7v1jbVOjAZfK8msRn4BxO4VQ=="
  "resolved" "https://mirrors.cloud.tencent.com/npm/magic-string/-/magic-string-0.25.9.tgz"
  "version" "0.25.9"
  dependencies:
    "sourcemap-codec" "^1.4.8"

"nanoid@^3.3.6":
  "integrity" "sha512-BGcqMMJuToF7i1rt+2PWSNVnWIkGCU78jBG3RxO/bZlnZPK2Cmi2QaffxGO/2RvWi9sL+FAiRiXMgsyxQ1DIDA=="
  "resolved" "https://mirrors.cloud.tencent.com/npm/nanoid/-/nanoid-3.3.6.tgz"
  "version" "3.3.6"

"picocolors@^1.0.0":
  "integrity" "sha512-1fygroTLlHu66zi26VoTDv8yRgm0Fccecssto+MhsZ0D/DGW2sm8E8AjW7NU5VVTRt5GxbeZ5qBuJr+HyLYkjQ=="
  "resolved" "https://mirrors.cloud.tencent.com/npm/picocolors/-/picocolors-1.0.0.tgz"
  "version" "1.0.0"

"postcss@^8.4.27":
  "integrity" "sha512-gY/ACJtJPSmUFPDCHtX78+01fHa64FaU4zaaWfuh1MhGJISufJAH4cun6k/8fwsHYeK4UQmENQK+tRLCFJE8JQ=="
  "resolved" "https://mirrors.cloud.tencent.com/npm/postcss/-/postcss-8.4.27.tgz"
  "version" "8.4.27"
  dependencies:
    "nanoid" "^3.3.6"
    "picocolors" "^1.0.0"
    "source-map-js" "^1.0.2"

"rollup@^3.27.1":
  "integrity" "sha512-d7zhvo1OUY2SXSM6pfNjgD5+d0Nz87CUp4mt8l/GgVP3oBsPwzNvSzyu1me6BSG9JIgWNTVcafIXBIyM8yQ3yw=="
  "resolved" "https://mirrors.cloud.tencent.com/npm/rollup/-/rollup-3.28.0.tgz"
  "version" "3.28.0"
  optionalDependencies:
    "fsevents" "~2.3.2"

"source-map-js@^1.0.2":
  "integrity" "sha512-R0XvVJ9WusLiqTCEiGCmICCMplcCkIwwR11mOSD9CR5u+IXYdiseeEuXCVAjS54zqwkLcPNnmU4OeJ6tUrWhDw=="
  "resolved" "https://mirrors.cloud.tencent.com/npm/source-map-js/-/source-map-js-1.0.2.tgz"
  "version" "1.0.2"

"sourcemap-codec@^1.4.8":
  "integrity" "sha512-9NykojV5Uih4lgo5So5dtw+f0JgJX30KCNI8gwhz2J9A15wD0Ml6tjHKwf6fTSa6fAdVBdZeNOs9eJ71qCk8vA=="
  "resolved" "https://mirrors.cloud.tencent.com/npm/sourcemap-codec/-/sourcemap-codec-1.4.8.tgz"
  "version" "1.4.8"

"typescript@^5.0.2":
  "integrity" "sha512-zaWCozRZ6DLEWAWFrVDz1H6FVXzUSfTy5FUMWsQlU8Ym5JP9eO4xkTIROFCQvhQf61z6O/G6ugw3SgAnvvm+HA=="
  "resolved" "https://mirrors.cloud.tencent.com/npm/typescript/-/typescript-5.1.6.tgz"
  "version" "5.1.6"

"universalify@^2.0.0":
  "integrity" "sha512-hAZsKq7Yy11Zu1DE0OzWjw7nnLZmJZYTDZZyEFHZdUhV8FkH5MCfoU1XMaxXovpyW5nq5scPqq0ZDP9Zyl04oQ=="
  "resolved" "https://mirrors.cloud.tencent.com/npm/universalify/-/universalify-2.0.0.tgz"
  "version" "2.0.0"

"vite-plugin-externals@^0.6.2":
  "integrity" "sha512-R5oVY8xDJjLXLTs2XDYzvYbc/RTZuIwOx2xcFbYf+/VXB6eJuatDgt8jzQ7kZ+IrgwQhe6tU8U2fTyy72C25CQ=="
  "resolved" "https://mirrors.cloud.tencent.com/npm/vite-plugin-externals/-/vite-plugin-externals-0.6.2.tgz"
  "version" "0.6.2"
  dependencies:
    "acorn" "^8.4.0"
    "es-module-lexer" "^0.4.1"
    "fs-extra" "^10.0.0"
    "magic-string" "^0.25.7"

"vite@^4.4.5", "vite@>=2.0.0":
  "integrity" "sha512-2mbUn2LlUmNASWwSCNSJ/EG2HuSRTnVNaydp6vMCm5VIqJsjMfbIWtbH2kDuwUVW5mMUKKZvGPX/rqeqVvv1XA=="
  "resolved" "https://mirrors.cloud.tencent.com/npm/vite/-/vite-4.4.9.tgz"
  "version" "4.4.9"
  dependencies:
    "esbuild" "^0.18.10"
    "postcss" "^8.4.27"
    "rollup" "^3.27.1"
  optionalDependencies:
    "fsevents" "~2.3.2"
